{
  "version": "5",
  "specifiers": {
    "jsr:@hono/hono@^4.10.8": "4.10.8",
    "npm:@hono/zod-validator@~0.7.5": "0.7.5_hono@4.10.8_zod@4.1.13",
    "npm:@types/node@*": "24.2.0",
    "npm:@upstash/redis@^1.35.7": "1.35.7",
    "npm:nanoid@*": "5.1.6",
    "npm:nanoid@^5.1.6": "5.1.6",
    "npm:pusher@^5.2.0": "5.2.0",
    "npm:zod@^4.1.13": "4.1.13"
  },
  "jsr": {
    "@hono/hono@4.10.8": {
      "integrity": "afdbfc8d3028faa79d0d23096265cb41863f7f49cbf8542959bbdffc4c71365a"
    }
  },
  "npm": {
    "@hono/zod-validator@0.7.5_hono@4.10.8_zod@4.1.13": {
      "integrity": "sha512-n4l4hutkfYU07PzRUHBOVzUEn38VSfrh+UVE5d0w4lyfWDOEhzxIupqo5iakRiJL44c3vTuFJBvcmUl8b9agIA==",
      "dependencies": [
        "hono",
        "zod"
      ]
    },
    "@types/node-fetch@2.6.13": {
      "integrity": "sha512-QGpRVpzSaUs30JBSGPjOg4Uveu384erbHBoT1zeONvyCfwQxIkUshLAOqN/k9EjGviPRmWTTe6aH2qySWKTVSw==",
      "dependencies": [
        "@types/node",
        "form-data"
      ]
    },
    "@types/node@24.2.0": {
      "integrity": "sha512-3xyG3pMCq3oYCNg7/ZP+E1ooTaGB4cG8JWRsqqOYQdbWNY4zbaV0Ennrd7stjiJEFZCaybcIgpTjJWHRfBSIDw==",
      "dependencies": [
        "undici-types"
      ]
    },
    "@upstash/redis@1.35.7": {
      "integrity": "sha512-bdCdKhke+kYUjcLLuGWSeQw7OLuWIx3eyKksyToLBAlGIMX9qiII0ptp8E0y7VFE1yuBxBd/3kSzJ8774Q4g+A==",
      "dependencies": [
        "uncrypto"
      ]
    },
    "abort-controller@3.0.0": {
      "integrity": "sha512-h8lQ8tacZYnR3vNQTgibj+tODHI5/+l06Au2Pcriv/Gmet0eaj4TwWH41sO9wnHDiQsEj19q0drzdWdeAHtweg==",
      "dependencies": [
        "event-target-shim"
      ]
    },
    "asynckit@0.4.0": {
      "integrity": "sha512-Oei9OH4tRh0YqU3GxhX79dM/mwVgvbZJaSNaRk+bshkj0S5cfHcgYakreBjrHwatXKbz+IoIdYLxrKim2MjW0Q=="
    },
    "call-bind-apply-helpers@1.0.2": {
      "integrity": "sha512-Sp1ablJ0ivDkSzjcaJdxEunN5/XvksFJ2sMBFfq6x0ryhQV/2b/KwFe21cMpmHtPOSij8K99/wSfoEuTObmuMQ==",
      "dependencies": [
        "es-errors",
        "function-bind"
      ]
    },
    "combined-stream@1.0.8": {
      "integrity": "sha512-FQN4MRfuJeHf7cBbBMJFXhKSDq+2kAArBlmRBvcvFE5BB1HZKXtSFASDhdlz9zOYwxh8lDdnvmMOe/+5cdoEdg==",
      "dependencies": [
        "delayed-stream"
      ]
    },
    "delayed-stream@1.0.0": {
      "integrity": "sha512-ZySD7Nf91aLB0RxL4KGrKHBXl7Eds1DAmEdcoVawXnLD7SDhpNgtuII2aAkg7a7QS41jxPSZ17p4VdGnMHk3MQ=="
    },
    "dunder-proto@1.0.1": {
      "integrity": "sha512-KIN/nDJBQRcXw0MLVhZE9iQHmG68qAVIBg9CqmUYjmQIhgij9U5MFvrqkUL5FbtyyzZuOeOt0zdeRe4UY7ct+A==",
      "dependencies": [
        "call-bind-apply-helpers",
        "es-errors",
        "gopd"
      ]
    },
    "es-define-property@1.0.1": {
      "integrity": "sha512-e3nRfgfUZ4rNGL232gUgX06QNyyez04KdjFrF+LTRoOXmrOgFKDg4BCdsjW8EnT69eqdYGmRpJwiPVYNrCaW3g=="
    },
    "es-errors@1.3.0": {
      "integrity": "sha512-Zf5H2Kxt2xjTvbJvP2ZWLEICxA6j+hAmMzIlypy4xcBg1vKVnx89Wy0GbS+kf5cwCVFFzdCFh2XSCFNULS6csw=="
    },
    "es-object-atoms@1.1.1": {
      "integrity": "sha512-FGgH2h8zKNim9ljj7dankFPcICIK9Cp5bm+c2gQSYePhpaG5+esrLODihIorn+Pe6FGJzWhXQotPv73jTaldXA==",
      "dependencies": [
        "es-errors"
      ]
    },
    "es-set-tostringtag@2.1.0": {
      "integrity": "sha512-j6vWzfrGVfyXxge+O0x5sh6cvxAog0a/4Rdd2K36zCMV5eJ+/+tOAngRO8cODMNWbVRdVlmGZQL2YS3yR8bIUA==",
      "dependencies": [
        "es-errors",
        "get-intrinsic",
        "has-tostringtag",
        "hasown"
      ]
    },
    "event-target-shim@5.0.1": {
      "integrity": "sha512-i/2XbnSz/uxRCU6+NdVJgKWDTM427+MqYbkQzD321DuCQJUqOuJKIA0IM2+W2xtYHdKOmZ4dR6fExsd4SXL+WQ=="
    },
    "form-data@4.0.5": {
      "integrity": "sha512-8RipRLol37bNs2bhoV67fiTEvdTrbMUYcFTiy3+wuuOnUog2QBHCZWXDRijWQfAkhBj2Uf5UnVaiWwA5vdd82w==",
      "dependencies": [
        "asynckit",
        "combined-stream",
        "es-set-tostringtag",
        "hasown",
        "mime-types"
      ]
    },
    "function-bind@1.1.2": {
      "integrity": "sha512-7XHNxH7qX9xG5mIwxkhumTox/MIRNcOgDrxWsMt2pAr23WHp6MrRlN7FBSFpCpr+oVO0F744iUgR82nJMfG2SA=="
    },
    "get-intrinsic@1.3.0": {
      "integrity": "sha512-9fSjSaos/fRIVIp+xSJlE6lfwhES7LNtKaCBIamHsjr2na1BiABJPo0mOjjz8GJDURarmCPGqaiVg5mfjb98CQ==",
      "dependencies": [
        "call-bind-apply-helpers",
        "es-define-property",
        "es-errors",
        "es-object-atoms",
        "function-bind",
        "get-proto",
        "gopd",
        "has-symbols",
        "hasown",
        "math-intrinsics"
      ]
    },
    "get-proto@1.0.1": {
      "integrity": "sha512-sTSfBjoXBp89JvIKIefqw7U2CCebsc74kiY6awiGogKtoSGbgjYE/G/+l9sF3MWFPNc9IcoOC4ODfKHfxFmp0g==",
      "dependencies": [
        "dunder-proto",
        "es-object-atoms"
      ]
    },
    "gopd@1.2.0": {
      "integrity": "sha512-ZUKRh6/kUFoAiTAtTYPZJ3hw9wNxx+BIBOijnlG9PnrJsCcSjs1wyyD6vJpaYtgnzDrKYRSqf3OO6Rfa93xsRg=="
    },
    "has-symbols@1.1.0": {
      "integrity": "sha512-1cDNdwJ2Jaohmb3sg4OmKaMBwuC48sYni5HUw2DvsC8LjGTLK9h+eb1X6RyuOHe4hT0ULCW68iomhjUoKUqlPQ=="
    },
    "has-tostringtag@1.0.2": {
      "integrity": "sha512-NqADB8VjPFLM2V0VvHUewwwsw0ZWBaIdgo+ieHtK3hasLz4qeCRjYcqfB6AQrBggRKppKF8L52/VqdVsO47Dlw==",
      "dependencies": [
        "has-symbols"
      ]
    },
    "hasown@2.0.2": {
      "integrity": "sha512-0hJU9SCPvmMzIBdZFqNPXWa6dqh7WdH0cII9y+CyS8rG3nL48Bclra9HmKhVVUHyPWNH5Y7xDwAB7bfgSjkUMQ==",
      "dependencies": [
        "function-bind"
      ]
    },
    "hono@4.10.8": {
      "integrity": "sha512-DDT0A0r6wzhe8zCGoYOmMeuGu3dyTAE40HHjwUsWFTEy5WxK1x2WDSsBPlEXgPbRIFY6miDualuUDbasPogIww=="
    },
    "is-base64@1.1.0": {
      "integrity": "sha512-Nlhg7Z2dVC4/PTvIFkgVVNvPHSO2eR/Yd0XzhGiXCXEvWnptXlXa/clQ8aePPiMuxEGcWfzWbGw2Fe3d+Y3v1g==",
      "bin": true
    },
    "math-intrinsics@1.1.0": {
      "integrity": "sha512-/IXtbwEk5HTPyEwyKX6hGkYXxM9nbj64B+ilVJnC/R6B0pH5G4V3b0pVbL7DBj4tkhBAppbQUlf6F6Xl9LHu1g=="
    },
    "mime-db@1.52.0": {
      "integrity": "sha512-sPU4uV7dYlvtWJxwwxHD0PuihVNiE7TyAbQ5SWxDCB9mUYvOgroQOwYQQOKPJ8CIbE+1ETVlOoK1UC2nU3gYvg=="
    },
    "mime-types@2.1.35": {
      "integrity": "sha512-ZDY+bPm5zTTF+YpCrAU9nK0UgICYPT0QtT1NZWFv4s++TNkcgVaT0g6+4R2uI4MjQjzysHB1zxuWL50hzaeXiw==",
      "dependencies": [
        "mime-db"
      ]
    },
    "nanoid@5.1.6": {
      "integrity": "sha512-c7+7RQ+dMB5dPwwCp4ee1/iV/q2P6aK1mTZcfr1BTuVlyW9hJYiMPybJCcnBlQtuSmTIWNeazm/zqNoZSSElBg==",
      "bin": true
    },
    "node-fetch@2.7.0": {
      "integrity": "sha512-c4FRfUm/dbcWZ7U+1Wq0AwCyFL+3nt2bEw05wfxSz+DWpWsitgmSgYmy2dQdWyKC1694ELPqMs/YzUSNozLt8A==",
      "dependencies": [
        "whatwg-url"
      ]
    },
    "pusher@5.2.0": {
      "integrity": "sha512-F6LNiZyJsIkoHLz+YurjKZ1HH8V1/cMggn4k97kihjP3uTvm0P4mZzSFeHOWIy+PlJ2VInJBhUFJBYLsFR5cjg==",
      "dependencies": [
        "@types/node-fetch",
        "abort-controller",
        "is-base64",
        "node-fetch",
        "tweetnacl",
        "tweetnacl-util"
      ]
    },
    "tr46@0.0.3": {
      "integrity": "sha512-N3WMsuqV66lT30CrXNbEjx4GEwlow3v6rr4mCcv6prnfwhS01rkgyFdjPNBYd9br7LpXV1+Emh01fHnq2Gdgrw=="
    },
    "tweetnacl-util@0.15.1": {
      "integrity": "sha512-RKJBIj8lySrShN4w6i/BonWp2Z/uxwC3h4y7xsRrpP59ZboCd0GpEVsOnMDYLMmKBpYhb5TgHzZXy7wTfYFBRw=="
    },
    "tweetnacl@1.0.3": {
      "integrity": "sha512-6rt+RN7aOi1nGMyC4Xa5DdYiukl2UWCbcJft7YhxReBGQD7OAM8Pbxw6YMo4r2diNEA8FEmu32YOn9rhaiE5yw=="
    },
    "uncrypto@0.1.3": {
      "integrity": "sha512-Ql87qFHB3s/De2ClA9e0gsnS6zXG27SkTiSJwjCc9MebbfapQfuPzumMIUMi38ezPZVNFcHI9sUIepeQfw8J8Q=="
    },
    "undici-types@7.10.0": {
      "integrity": "sha512-t5Fy/nfn+14LuOc2KNYg75vZqClpAiqscVvMygNnlsHBFpSXdJaYtXMcdNLpl/Qvc3P2cB3s6lOV51nqsFq4ag=="
    },
    "webidl-conversions@3.0.1": {
      "integrity": "sha512-2JAn3z8AR6rjK8Sm8orRC0h/bcl/DqL7tRPdGZ4I1CjdF+EaMLmYxBHyXuKL849eucPFhvBoxMsflfOb8kxaeQ=="
    },
    "whatwg-url@5.0.0": {
      "integrity": "sha512-saE57nupxk6v3HY35+jzBwYa0rKSy0XR8JSxZPwgLr7ys0IBzhGviA1/TUGJLmSVqs8pb9AnvICXEuOHLprYTw==",
      "dependencies": [
        "tr46",
        "webidl-conversions"
      ]
    },
    "zod@4.1.13": {
      "integrity": "sha512-AvvthqfqrAhNH9dnfmrfKzX5upOdjUVJYFqNSlkmGf64gRaTzlPwz99IHYnVs28qYAybvAlBV+H7pn0saFY4Ig=="
    }
  },
  "redirects": {
    "https://denopkg.com/chiefbiiko/hmac/mod.ts": "https://denopkg.com/chiefbiiko/hmac@master/mod.ts"
  },
  "remote": {
    "https://deno.land/std@0.77.0/encoding/base64.ts": "b1d8f99b778981548457ec74bc6273ad785ffd6f61b2233bd5b30925345b565d",
    "https://deno.land/std@0.77.0/encoding/hex.ts": "07a03ba41c96060a4ed4ba272e50b9e23f3c5b3839f4b069cdebc24d57434386",
    "https://deno.land/std@0.77.0/hash/_wasm/hash.ts": "005f64c4d9343ecbc91e0da9ae5e800f146c20930ad829bbb872c5c06bd89c5f",
    "https://deno.land/std@0.77.0/hash/_wasm/wasm.js": "fa27095b91e6268682100997577f1d3478beab5b045777e27ff7b2b5d19c8fdc",
    "https://deno.land/std@0.77.0/hash/mod.ts": "e764a6a9ab2f5519a97f928e17cc13d984e3dd5c7f742ff9c1c8fb3114790f0c",
    "https://deno.land/x/base64@v0.2.1/base.ts": "47dc8d68f07dc91524bdd6db36eccbe59cf4d935b5fc09f27357a3944bb3ff7b",
    "https://deno.land/x/base64@v0.2.1/base64url.ts": "18bbf879b31f1f32cca8adaa2b6885ae325c2cec6a66c5817b684ca12c46ad5e",
    "https://deno.land/x/base64@v0.2.1/mod.ts": "1cbdc4ba7229d3c6d1763fecdb9d46844777c7e153abb6dabea8b0dd01448db4",
    "https://denopkg.com/chiefbiiko/hmac@master/deps.ts": "c2cb0fb44389a76b253cc27a1cadfbe9f03ede2ddea0d940b5389d683940217c",
    "https://denopkg.com/chiefbiiko/hmac@master/mod.ts": "83590b95de468d0cf5398b7631b4fb62a64226786247fe265482045d799e8f97",
    "https://denopkg.com/chiefbiiko/sha1@v2.0.0/deps.ts": "434b70f37ed145ca5259353c96fdee1e7d1cd8c6a32baad9dce2aedc79d0a3bc",
    "https://denopkg.com/chiefbiiko/sha1@v2.0.0/mod.ts": "146a101c9776cc9c807053c93f23e4b321ade5251f65745df418f4a75d5fd27b",
    "https://denopkg.com/chiefbiiko/sha256@v2.0.0/deps.ts": "434b70f37ed145ca5259353c96fdee1e7d1cd8c6a32baad9dce2aedc79d0a3bc",
    "https://denopkg.com/chiefbiiko/sha256@v2.0.0/mod.ts": "f109aa5eeb201a0cbfaf44950b70a429838b187e8a84c5b810c1ac84953427cc",
    "https://denopkg.com/chiefbiiko/sha512@v2.0.0/deps.ts": "434b70f37ed145ca5259353c96fdee1e7d1cd8c6a32baad9dce2aedc79d0a3bc",
    "https://denopkg.com/chiefbiiko/sha512@v2.0.0/mod.ts": "33190babd4c0e748bb2568fd003444487c8798c8c3a618f6593098c12805fe15",
    "https://denopkg.com/chiefbiiko/std-encoding@v1.1.1/mod.ts": "e61017da4cef146863d614a961b4e61f1df14b72c906092bd02161f913e76522",
    "https://denopkg.com/gnlow/pusher-http-deno@main/mod.ts": "ada577dc5be4843b06643ffc99a1a0030149fa06e9011e0358837f1ec2bf543f",
    "https://denopkg.com/gnlow/pusher-http-deno@main/src/auth.ts": "2b95c40d608d35eaef46bc3fe4bba0cab592d443057df6be813b9fa218c9d997",
    "https://denopkg.com/gnlow/pusher-http-deno@main/src/config.ts": "757fc3f5b798e53a6fc6d6f371e37684abc030b36cc23318979c051769a323c1",
    "https://denopkg.com/gnlow/pusher-http-deno@main/src/errors.ts": "7185c0c08cdb38ce7d35cd08e20a926d0cfb1ee3a797a5b16996a7f372c4e7fe",
    "https://denopkg.com/gnlow/pusher-http-deno@main/src/events.ts": "77d9a408b9b354ff33d8cfb76689ac939494852bd9ff4800e6391e37aa42db26",
    "https://denopkg.com/gnlow/pusher-http-deno@main/src/notification_client.ts": "e3a5f5cbb7bf33ae3763e583ed5c6d76a009f0c964a029161e6b1fb8ed20a3fa",
    "https://denopkg.com/gnlow/pusher-http-deno@main/src/notification_config.ts": "6c03740997580271c87b1fc945309a149626bc9b351489cfc8fb671695fd8149",
    "https://denopkg.com/gnlow/pusher-http-deno@main/src/pusher.ts": "6c48f0213c0b639845129498edf22233bc213f0e48efc9e6480ddbd2090c5186",
    "https://denopkg.com/gnlow/pusher-http-deno@main/src/pusher_config.ts": "64cb943bc801f0b369be816d6f08cd3c3301ae8794f98088b3d927035135e516",
    "https://denopkg.com/gnlow/pusher-http-deno@main/src/requests.ts": "7b772f7fc687b3dd09cbb9c027c13da41fcccdb0ec7e870bb59148bfe347a1c0",
    "https://denopkg.com/gnlow/pusher-http-deno@main/src/token.ts": "25292b250e4f517c7820a944783b505cec3b9b720af9f7df1dc0f1371d19e519",
    "https://denopkg.com/gnlow/pusher-http-deno@main/src/util.ts": "b9fd12723905e03ba40255f87a82a6651cca7b0a670eddb684a0194339805995",
    "https://denopkg.com/gnlow/pusher-http-deno@main/src/version.ts": "f6a2fee7fb7a0f54247f2090df842d6dc6234e9cb6a1de26911b0811db406b3e",
    "https://denopkg.com/gnlow/pusher-http-deno@main/src/webhook.ts": "9b2f1740ece36c532362646ac576b12f21e31fe34cbfa3a6ad4c62653aa8d14e",
    "https://jspm.dev/npm:@jspm/core@2.0.1/nodelibs/buffer": "f6bd0a893f7d7d48422389dc81a2923809fbd24c2d6352c7f4bdd29dcad7154b",
    "https://jspm.dev/npm:@jspm/core@2/nodelibs/buffer": "229bdbb9a5042d5977545e4ff66f49e866bf7103f4df4a7b60af203625ac60b0",
    "https://jspm.dev/npm:tweetnacl-util@0.15.1!cjs": "d2e89664a88e830034b96c266518720560453ce23fe2d877010657ab3bf55814",
    "https://jspm.dev/npm:tweetnacl@1.0.3!cjs": "5b419d78e59302db81b10ca4d11e6d67d53083ec9af2c0277e82b2bfd7079a9e",
    "https://jspm.dev/tweetnacl": "c3eef3a0c0ef088c9fcb817c3f12ee92b9d73b3fa85339c107af0f5b1bf3ce2a",
    "https://jspm.dev/tweetnacl-util": "03e2861b26c46183bca6cb528fe6c869607473785fd9f3f33ad62641c3018fde"
  },
  "workspace": {
    "dependencies": [
      "jsr:@hono/hono@^4.10.8",
      "npm:@hono/zod-validator@~0.7.5",
      "npm:@upstash/redis@^1.35.7",
      "npm:nanoid@^5.1.6",
      "npm:pusher@^5.2.0",
      "npm:zod@^4.1.13"
    ]
  }
}
